
Microsoft Visual Studio Solution File, Format Version 12.00
# Visual Studio 15
VisualStudioVersion = 15.0.27130.2036
MinimumVisualStudioVersion = 10.0.40219.1
Project("{9A19103F-16F7-4668-BE54-9A1E7A4F7556}") = "GerenciadorFC.Administrativo.Web", "GerenciadorFC.Administrativo.Web\GerenciadorFC.Administrativo.Web.csproj", "{FEAC9FA3-D604-4C59-B95A-97BCC575DD8E}"
EndProject
Project("{FAE04EC0-301F-11D3-BF4B-00C04F79EFBC}") = "Uol.PagSeguro", "Uol.PagSeguro\Uol.PagSeguro.csproj", "{CB46A4DA-9BE5-4AD1-B353-65F11BF48D9A}"
EndProject
Global
	GlobalSection(SolutionConfigurationPlatforms) = preSolution
		Debug|Any CPU = Debug|Any CPU
		Release|Any CPU = Release|Any CPU
	EndGlobalSection
	GlobalSection(ProjectConfigurationPlatforms) = postSolution
		{FEAC9FA3-D604-4C59-B95A-97BCC575DD8E}.Debug|Any CPU.ActiveCfg = Debug|Any CPU
		{FEAC9FA3-D604-4C59-B95A-97BCC575DD8E}.Debug|Any CPU.Build.0 = Debug|Any CPU
		{FEAC9FA3-D604-4C59-B95A-97BCC575DD8E}.Release|Any CPU.ActiveCfg = Release|Any CPU
		{FEAC9FA3-D604-4C59-B95A-97BCC575DD8E}.Release|Any CPU.Build.0 = Release|Any CPU
		{CB46A4DA-9BE5-4AD1-B353-65F11BF48D9A}.Debug|Any CPU.ActiveCfg = Debug|Any CPU
		{CB46A4DA-9BE5-4AD1-B353-65F11BF48D9A}.Debug|Any CPU.Build.0 = Debug|Any CPU
		{CB46A4DA-9BE5-4AD1-B353-65F11BF48D9A}.Release|Any CPU.ActiveCfg = Release|Any CPU
		{CB46A4DA-9BE5-4AD1-B353-65F11BF48D9A}.Release|Any CPU.Build.0 = Release|Any CPU
	EndGlobalSection
	GlobalSection(SolutionProperties) = preSolution
		HideSolutionNode = FALSE
	EndGlobalSection
	GlobalSection(ExtensibilityGlobals) = postSolution
		SolutionGuid = {F30CE183-8F43-4E04-800F-A0D345308F97}
	EndGlobalSection
EndGlobal
